{
  "originHash" : "e0837776b643c9107a43e5091339755d978c78c98b2635caea393de3f9b7c790",
  "pins" : [
    {
      "identity" : "swift-protobuf",
      "kind" : "remoteSourceControl",
      "location" : "https://github.com/apple/swift-protobuf.git",
      "state" : {
        "revision" : "5596511fce902e649c403cd4d6d5da1254f142b7",
        "version" : "1.35.1"
      }
    }
  ],
  "version" : 3
}
